<?xml version="1.0" encoding="utf-8"?>
<Project ToolsVersion="4.0" xmlns="http://schemas.microsoft.com/developer/msbuild/2003">
  <ItemGroup>
    <ClCompile Include="main.cpp" />
    <ClCompile Include="stdafx.cpp" />
    <ClCompile Include="Allocators.cpp">
      <Filter>Core\Memory</Filter>
    </ClCompile>
    <ClCompile Include="BaseLight.cpp">
      <Filter>Game\Lights</Filter>
    </ClCompile>
    <ClCompile Include="BaseSystem.cpp">
      <Filter>Core\ECS</Filter>
    </ClCompile>
    <ClCompile Include="bat.cpp">
      <Filter>Game\GameObjects\Enemy\Bat</Filter>
    </ClCompile>
    <ClCompile Include="batAnimationString.cpp">
      <Filter>Game\GameObjects\Enemy\Bat</Filter>
    </ClCompile>
    <ClCompile Include="Cat.cpp">
      <Filter>Game\GameObjects\Enemy\Cat</Filter>
    </ClCompile>
    <ClCompile Include="CatAnimationString.cpp">
      <Filter>Game\GameObjects\Enemy\Cat</Filter>
    </ClCompile>
    <ClCompile Include="DataPackage.cpp">
      <Filter>Sub</Filter>
    </ClCompile>
    <ClCompile Include="Engine.cpp">
      <Filter>Core</Filter>
    </ClCompile>
    <ClCompile Include="DirectionalLight.cpp">
      <Filter>Game\Lights</Filter>
    </ClCompile>
    <ClCompile Include="EnvironmentSphere.cpp">
      <Filter>Game\Lights</Filter>
    </ClCompile>
    <ClCompile Include="Camera.cpp">
      <Filter>Game\GameUtils</Filter>
    </ClCompile>
    <ClCompile Include="Filter.cpp">
      <Filter>Core\ECS</Filter>
    </ClCompile>
    <ClCompile Include="Hydra.cpp">
      <Filter>Game\GameObjects\Enemy\Hydra</Filter>
    </ClCompile>
    <ClCompile Include="HydraAnimationString.cpp">
      <Filter>Game\GameObjects\Enemy\Hydra</Filter>
    </ClCompile>
    <ClCompile Include="Lizard.cpp">
      <Filter>Game\GameObjects\Enemy\Lizard</Filter>
    </ClCompile>
    <ClCompile Include="LizardAnimationString.cpp">
      <Filter>Game\GameObjects\Enemy\Lizard</Filter>
    </ClCompile>
    <ClCompile Include="Turtle.cpp">
      <Filter>Game\GameObjects\Enemy\Turtle</Filter>
    </ClCompile>
    <ClCompile Include="TurtleAnimationString.cpp">
      <Filter>Game\GameObjects\Enemy\Turtle</Filter>
    </ClCompile>
    <ClCompile Include="GameObjectFactory.cpp">
      <Filter>Manager\GameObjectFactory</Filter>
    </ClCompile>
    <ClCompile Include="MathUtils.cpp">
      <Filter>Math</Filter>
    </ClCompile>
    <ClCompile Include="Matrix.cpp">
      <Filter>Math</Filter>
    </ClCompile>
    <ClCompile Include="Plane.cpp">
      <Filter>Math</Filter>
    </ClCompile>
    <ClCompile Include="Ray.cpp">
      <Filter>Math</Filter>
    </ClCompile>
    <ClCompile Include="Vector2.cpp">
      <Filter>Math</Filter>
    </ClCompile>
    <ClCompile Include="Vector3.cpp">
      <Filter>Math</Filter>
    </ClCompile>
    <ClCompile Include="Vector4.cpp">
      <Filter>Math</Filter>
    </ClCompile>
    <ClCompile Include="charge.cpp">
      <Filter>Game\GameComponents\ParticleComponent</Filter>
    </ClCompile>
    <ClCompile Include="Frustum.cpp">
      <Filter>Game\GameUtils</Filter>
    </ClCompile>
    <ClCompile Include="GameObjects.cpp">
      <Filter>Game\GameObjects</Filter>
    </ClCompile>
    <ClCompile Include="GameCommand.cpp">
      <Filter>Game\GameUtils</Filter>
    </ClCompile>
    <ClCompile Include="CommonUtils.cpp">
      <Filter>Sub</Filter>
    </ClCompile>
    <ClCompile Include="Console.cpp">
      <Filter>Core</Filter>
    </ClCompile>
    <ClCompile Include="Enemy.cpp">
      <Filter>Game\GameObjects\Enemy</Filter>
    </ClCompile>
    <ClCompile Include="GizmoManager.cpp">
      <Filter>Manager</Filter>
    </ClCompile>
    <ClCompile Include="IScene.cpp">
      <Filter>Game\GameScenes</Filter>
    </ClCompile>
    <ClCompile Include="Meta.cpp">
      <Filter>Sub\Reflection</Filter>
    </ClCompile>
    <ClCompile Include="RefVariant.cpp">
      <Filter>Sub\Reflection\Variant</Filter>
    </ClCompile>
    <ClCompile Include="VariantBase.cpp">
      <Filter>Sub\Reflection\Variant</Filter>
    </ClCompile>
    <ClCompile Include="SceneChangeEffect.cpp">
      <Filter>Core\SceneManager</Filter>
    </ClCompile>
    <ClCompile Include="SceneChangeEffectUpDown.cpp">
      <Filter>Core\SceneManager</Filter>
    </ClCompile>
    <ClCompile Include="SceneManager.cpp">
      <Filter>Core\SceneManager</Filter>
    </ClCompile>
    <ClCompile Include="VideoDevice.cpp">
      <Filter>Core\Video</Filter>
    </ClCompile>
    <ClCompile Include="VideoResource.cpp">
      <Filter>Core\Video</Filter>
    </ClCompile>
    <ClCompile Include="VideoResource_Mesh.cpp">
      <Filter>Core\Video</Filter>
    </ClCompile>
    <ClCompile Include="VideoVertexFormat.cpp">
      <Filter>Core\Video</Filter>
    </ClCompile>
    <ClCompile Include="Snake.cpp">
      <Filter>Game\GameObjects\Enemy\Snake</Filter>
    </ClCompile>
    <ClCompile Include="SnakeAnimationString.cpp">
      <Filter>Game\GameObjects\Enemy\Snake</Filter>
    </ClCompile>
    <ClCompile Include="ActionComponent.cpp">
      <Filter>Game\GameComponents\ActionComponent</Filter>
    </ClCompile>
    <ClCompile Include="CollisionComponent.cpp">
      <Filter>Game\GameComponents\CollisionComponent</Filter>
    </ClCompile>
    <ClCompile Include="TransformComponent.cpp">
      <Filter>Game\GameComponents\TransformComponent</Filter>
    </ClCompile>
    <ClCompile Include="ActionSystem.cpp">
      <Filter>Game\GameSystems\ActionSystem</Filter>
    </ClCompile>
    <ClCompile Include="ColiisionSystem.cpp">
      <Filter>Game\GameSystems\CollisionSystem</Filter>
    </ClCompile>
    <ClCompile Include="CollisionUtils.cpp">
      <Filter>Game\GameSystems\CollisionSystem</Filter>
    </ClCompile>
    <ClCompile Include="TransformSystem.cpp">
      <Filter>Game\GameSystems\TransformSystem</Filter>
    </ClCompile>
    <ClCompile Include="SpriteManager.cpp">
      <Filter>Manager</Filter>
    </ClCompile>
    <ClCompile Include="fireBall.cpp">
      <Filter>Game\GameComponents\ParticleComponent</Filter>
    </ClCompile>
    <ClCompile Include="fireBreath.cpp">
      <Filter>Game\GameComponents\ParticleComponent</Filter>
    </ClCompile>
    <ClCompile Include="fireRing.cpp">
      <Filter>Game\GameComponents\ParticleComponent</Filter>
    </ClCompile>
    <ClCompile Include="Particle.cpp">
      <Filter>Game\GameComponents\ParticleComponent</Filter>
    </ClCompile>
    <ClCompile Include="tinyxml2.cpp">
      <Filter>Sub\Reflection\Variant</Filter>
    </ClCompile>
    <ClCompile Include="Variant.cpp">
      <Filter>Sub\Reflection\Variant</Filter>
    </ClCompile>
    <ClCompile Include="TextSerializer.cpp">
      <Filter>Sub\Reflection</Filter>
    </ClCompile>
    <ClCompile Include="imgui.cpp">
      <Filter>Sub\Imgui</Filter>
    </ClCompile>
    <ClCompile Include="imguiRenderer.cpp">
      <Filter>Sub\Imgui</Filter>
    </ClCompile>
    <ClCompile Include="ParticleComponent.cpp">
      <Filter>Game\GameComponents\ParticleComponent</Filter>
    </ClCompile>
    <ClCompile Include="ParticleSystem.cpp">
      <Filter>Game\GameSystems\ParticleSystem</Filter>
    </ClCompile>
    <ClCompile Include="PSystem.cpp">
      <Filter>Game\GameSystems\ParticleSystem</Filter>
    </ClCompile>
    <ClCompile Include="PointLight.cpp">
      <Filter>Game\Lights</Filter>
    </ClCompile>
    <ClCompile Include="InputManager.cpp">
      <Filter>Core\InputManager</Filter>
    </ClCompile>
    <ClCompile Include="smoke.cpp">
      <Filter>Game\GameSystems</Filter>
    </ClCompile>
    <ClCompile Include="RenderComponent.cpp">
      <Filter>Game\GameComponents\RenderComponent</Filter>
    </ClCompile>
    <ClCompile Include="RenderSystem.cpp">
      <Filter>Game\GameSystems\RenderSystem</Filter>
    </ClCompile>
    <ClCompile Include="ScriptSystem.cpp">
      <Filter>Game\GameSystems\ScriptSystem</Filter>
    </ClCompile>
    <ClCompile Include="ScriptComponent.cpp">
      <Filter>Game\GameComponents\ScriptComponent</Filter>
    </ClCompile>
    <ClCompile Include="Player.cpp">
      <Filter>Game\GameObjects\Player</Filter>
    </ClCompile>
    <ClCompile Include="Player_CallBack.cpp">
      <Filter>Game\GameObjects\Player</Filter>
    </ClCompile>
    <ClCompile Include="PlayerAnimationString.cpp">
      <Filter>Game\GameObjects\Player</Filter>
    </ClCompile>
    <ClCompile Include="Quaternion.cpp">
      <Filter>Math</Filter>
    </ClCompile>
    <ClCompile Include="World.cpp">
      <Filter>Core\ECS</Filter>
    </ClCompile>
    <ClCompile Include="Terrain.cpp">
      <Filter>Game\GameUtils</Filter>
    </ClCompile>
    <ClCompile Include="Entity.cpp">
      <Filter>Core\ECS\Entity</Filter>
    </ClCompile>
    <ClCompile Include="EntityComponentStorage.cpp">
      <Filter>Core\ECS\Entity</Filter>
    </ClCompile>
    <ClCompile Include="EntityIDPool.cpp">
      <Filter>Core\ECS\Entity</Filter>
    </ClCompile>
    <ClCompile Include="ApplicationTimer.cpp">
      <Filter>Core\Timer</Filter>
    </ClCompile>
    <ClCompile Include="UI.cpp">
      <Filter>UI</Filter>
    </ClCompile>
    <ClCompile Include="WorldEditor.cpp">
      <Filter>Game\WorldEditor</Filter>
    </ClCompile>
    <ClCompile Include="Inventory.cpp">
      <Filter>UI</Filter>
    </ClCompile>
    <ClCompile Include="MapToolScene.cpp">
      <Filter>Game\GameScenes\MapToolScene</Filter>
    </ClCompile>
    <ClCompile Include="LoadingScene00.cpp">
      <Filter>Game\GameScenes\LoadingScenes</Filter>
    </ClCompile>
    <ClCompile Include="TestScene.cpp">
      <Filter>Game\GameScenes\TestScene</Filter>
    </ClCompile>
    <ClCompile Include="QuadTree.cpp">
      <Filter>Game\GameUtils\QaudTrees</Filter>
    </ClCompile>
    <ClCompile Include="DamageBox.cpp">
      <Filter>Game\GameObjects</Filter>
    </ClCompile>
    <ClCompile Include="bloodParticle.cpp">
      <Filter>Game\GameComponents\ParticleComponent</Filter>
    </ClCompile>
    <ClCompile Include="bloodFog.cpp">
      <Filter>Game\GameComponents\ParticleComponent</Filter>
    </ClCompile>
    <ClCompile Include="SoundManager.cpp">
      <Filter>Manager\SoundManager</Filter>
    </ClCompile>
    <ClCompile Include="BmpFont.cpp">
      <Filter>UI</Filter>
    </ClCompile>
    <ClCompile Include="normalBreath.cpp">
      <Filter>Game\GameComponents\ParticleComponent</Filter>
    </ClCompile>
    <ClCompile Include="normalFireBall.cpp">
      <Filter>Game\GameComponents\ParticleComponent</Filter>
    </ClCompile>
    <ClCompile Include="DragonAnimationString.cpp">
      <Filter>Game\GameObjects\Enemy\Dragon</Filter>
    </ClCompile>
    <ClCompile Include="Dragon.cpp">
      <Filter>Game\GameObjects\Enemy\Dragon</Filter>
    </ClCompile>
    <ClCompile Include="Cat_Callback.cpp">
      <Filter>Game\GameObjects\Enemy\Cat</Filter>
    </ClCompile>
    <ClCompile Include="Bat_Callback.cpp">
      <Filter>Game\GameObjects\Enemy\Bat</Filter>
    </ClCompile>
    <ClCompile Include="Hydra_Callback.cpp">
      <Filter>Game\GameObjects\Enemy\Hydra</Filter>
    </ClCompile>
    <ClCompile Include="Lizard_Callback.cpp">
      <Filter>Game\GameObjects\Enemy\Lizard</Filter>
    </ClCompile>
    <ClCompile Include="Snake_Callback.cpp">
      <Filter>Game\GameObjects\Enemy\Snake</Filter>
    </ClCompile>
    <ClCompile Include="Turtle_Callback.cpp">
      <Filter>Game\GameObjects\Enemy\Turtle</Filter>
    </ClCompile>
    <ClCompile Include="MainMenuScene.cpp">
      <Filter>Game\GameScenes\MainMenuScene</Filter>
    </ClCompile>
    <ClCompile Include="LoadItem.cpp">
      <Filter>Game\GameScenes\MainMenuScene\LoadItem</Filter>
    </ClCompile>
    <ClCompile Include="Draon_Callback.cpp">
      <Filter>Game\GameObjects\Enemy\Dragon</Filter>
    </ClCompile>
    <ClCompile Include="BossScene.cpp">
      <Filter>Game\GameScenes\BossScene</Filter>
    </ClCompile>
  </ItemGroup>
  <ItemGroup>
    <ClInclude Include="ClassTypeID.h" />
    <ClInclude Include="stdafx.h" />
    <ClInclude Include="BaseGameObject.h">
      <Filter>Game\GameObjects</Filter>
    </ClInclude>
    <ClInclude Include="Allocators.h">
      <Filter>Core\Memory</Filter>
    </ClInclude>
    <ClInclude Include="BaseLight.h">
      <Filter>Game\Lights</Filter>
    </ClInclude>
    <ClInclude Include="BaseSystem.h">
      <Filter>Core\ECS</Filter>
    </ClInclude>
    <ClInclude Include="bat.h">
      <Filter>Game\GameObjects\Enemy\Bat</Filter>
    </ClInclude>
    <ClInclude Include="batAnimationString.h">
      <Filter>Game\GameObjects\Enemy\Bat</Filter>
    </ClInclude>
    <ClInclude Include="Cat.h">
      <Filter>Game\GameObjects\Enemy\Cat</Filter>
    </ClInclude>
    <ClInclude Include="CatAnimationString.h">
      <Filter>Game\GameObjects\Enemy\Cat</Filter>
    </ClInclude>
    <ClInclude Include="Delegate.h">
      <Filter>Sub\Delegate</Filter>
    </ClInclude>
    <ClInclude Include="DataPackage.h">
      <Filter>Sub</Filter>
    </ClInclude>
    <ClInclude Include="Engine.h">
      <Filter>Core</Filter>
    </ClInclude>
    <ClInclude Include="DirectionalLight.h">
      <Filter>Game\Lights</Filter>
    </ClInclude>
    <ClInclude Include="EnvironmentSphere.h">
      <Filter>Game\Lights</Filter>
    </ClInclude>
    <ClInclude Include="EventBridge.h">
      <Filter>Core\Event</Filter>
    </ClInclude>
    <ClInclude Include="EventChannel.h">
      <Filter>Core\Event</Filter>
    </ClInclude>
    <ClInclude Include="EventHandler.h">
      <Filter>Core\Event</Filter>
    </ClInclude>
    <ClInclude Include="EventHandlerQueue.h">
      <Filter>Core\Event</Filter>
    </ClInclude>
    <ClInclude Include="EventQueue.h">
      <Filter>Core\Event</Filter>
    </ClInclude>
    <ClInclude Include="Camera.h">
      <Filter>Game\GameUtils</Filter>
    </ClInclude>
    <ClInclude Include="Color4F.h">
      <Filter>Math</Filter>
    </ClInclude>
    <ClInclude Include="EntityComponentSystem.h">
      <Filter>Core\ECS</Filter>
    </ClInclude>
    <ClInclude Include="EntityIDPool.h">
      <Filter>Core\ECS</Filter>
    </ClInclude>
    <ClInclude Include="Filter.h">
      <Filter>Core\ECS</Filter>
    </ClInclude>
    <ClInclude Include="Hydra.h">
      <Filter>Game\GameObjects\Enemy\Hydra</Filter>
    </ClInclude>
    <ClInclude Include="HydraAnimationString.h">
      <Filter>Game\GameObjects\Enemy\Hydra</Filter>
    </ClInclude>
    <ClInclude Include="Lizard.h">
      <Filter>Game\GameObjects\Enemy\Lizard</Filter>
    </ClInclude>
    <ClInclude Include="LizardAnimationString.h">
      <Filter>Game\GameObjects\Enemy\Lizard</Filter>
    </ClInclude>
    <ClInclude Include="Turtle.h">
      <Filter>Game\GameObjects\Enemy\Turtle</Filter>
    </ClInclude>
    <ClInclude Include="TurtleAnimationString.h">
      <Filter>Game\GameObjects\Enemy\Turtle</Filter>
    </ClInclude>
    <ClInclude Include="GameObjectFactory.h">
      <Filter>Manager\GameObjectFactory</Filter>
    </ClInclude>
    <ClInclude Include="Math.h">
      <Filter>Math</Filter>
    </ClInclude>
    <ClInclude Include="MathUtils.h">
      <Filter>Math</Filter>
    </ClInclude>
    <ClInclude Include="Matrix.h">
      <Filter>Math</Filter>
    </ClInclude>
    <ClInclude Include="Plane.h">
      <Filter>Math</Filter>
    </ClInclude>
    <ClInclude Include="Ray.h">
      <Filter>Math</Filter>
    </ClInclude>
    <ClInclude Include="Vector2.h">
      <Filter>Math</Filter>
    </ClInclude>
    <ClInclude Include="Vector3.h">
      <Filter>Math</Filter>
    </ClInclude>
    <ClInclude Include="Vector4.h">
      <Filter>Math</Filter>
    </ClInclude>
    <ClInclude Include="charge.h">
      <Filter>Game\GameComponents\ParticleComponent</Filter>
    </ClInclude>
    <ClInclude Include="Frustum.h">
      <Filter>Game\GameUtils</Filter>
    </ClInclude>
    <ClInclude Include="GameSystems.h">
      <Filter>Game\GameSystems</Filter>
    </ClInclude>
    <ClInclude Include="GameObjects.h">
      <Filter>Game\GameObjects</Filter>
    </ClInclude>
    <ClInclude Include="CommonUtils.h">
      <Filter>Sub</Filter>
    </ClInclude>
    <ClInclude Include="Component.h">
      <Filter>Core\ECS</Filter>
    </ClInclude>
    <ClInclude Include="ContainerCheck.h">
      <Filter>Core\ECS</Filter>
    </ClInclude>
    <ClInclude Include="Console.h">
      <Filter>Core</Filter>
    </ClInclude>
    <ClInclude Include="Enemy.h">
      <Filter>Game\GameObjects\Enemy</Filter>
    </ClInclude>
    <ClInclude Include="GizmoManager.h">
      <Filter>Manager</Filter>
    </ClInclude>
    <ClInclude Include="GameComponent.h">
      <Filter>Game\GameComponents</Filter>
    </ClInclude>
    <ClInclude Include="IScene.h">
      <Filter>Game\GameScenes</Filter>
    </ClInclude>
    <ClInclude Include="Meta.h">
      <Filter>Sub\Reflection</Filter>
    </ClInclude>
    <ClInclude Include="Reflection.h">
      <Filter>Sub\Reflection</Filter>
    </ClInclude>
    <ClInclude Include="RemQual.h">
      <Filter>Sub\Reflection</Filter>
    </ClInclude>
    <ClInclude Include="TypeTraits.h">
      <Filter>Sub\Reflection</Filter>
    </ClInclude>
    <ClInclude Include="RefVariant.h">
      <Filter>Sub\Reflection\Variant</Filter>
    </ClInclude>
    <ClInclude Include="VariantBase.h">
      <Filter>Sub\Reflection\Variant</Filter>
    </ClInclude>
    <ClInclude Include="Variant.h">
      <Filter>Sub\Reflection\Variant</Filter>
    </ClInclude>
    <ClInclude Include="SceneChangeEffect.h">
      <Filter>Core\SceneManager</Filter>
    </ClInclude>
    <ClInclude Include="SceneChangeEffectUpDown.h">
      <Filter>Core\SceneManager</Filter>
    </ClInclude>
    <ClInclude Include="SceneManager.h">
      <Filter>Core\SceneManager</Filter>
    </ClInclude>
    <ClInclude Include="VideoVertexFormat.h">
      <Filter>Core\Video</Filter>
    </ClInclude>
    <ClInclude Include="VideoDefines.h">
      <Filter>Core\Video</Filter>
    </ClInclude>
    <ClInclude Include="VideoDevice.h">
      <Filter>Core\Video</Filter>
    </ClInclude>
    <ClInclude Include="VideoResource.h">
      <Filter>Core\Video</Filter>
    </ClInclude>
    <ClInclude Include="VideoResource_Mesh.h">
      <Filter>Core\Video</Filter>
    </ClInclude>
    <ClInclude Include="VideoResourceHandles.h">
      <Filter>Core\Video</Filter>
    </ClInclude>
    <ClInclude Include="Snake.h">
      <Filter>Game\GameObjects\Enemy\Snake</Filter>
    </ClInclude>
    <ClInclude Include="SnakeAnimationString.h">
      <Filter>Game\GameObjects\Enemy\Snake</Filter>
    </ClInclude>
    <ClInclude Include="ActionComponent.h">
      <Filter>Game\GameComponents\ActionComponent</Filter>
    </ClInclude>
    <ClInclude Include="CollisionComponent.h">
      <Filter>Game\GameComponents\CollisionComponent</Filter>
    </ClInclude>
    <ClInclude Include="TransformComponent.h">
      <Filter>Game\GameComponents\TransformComponent</Filter>
    </ClInclude>
    <ClInclude Include="ActionSystem.h">
      <Filter>Game\GameSystems\ActionSystem</Filter>
    </ClInclude>
    <ClInclude Include="CollisionSystem.h">
      <Filter>Game\GameSystems\CollisionSystem</Filter>
    </ClInclude>
    <ClInclude Include="CollisionUtils.h">
      <Filter>Game\GameSystems\CollisionSystem</Filter>
    </ClInclude>
    <ClInclude Include="TransformSystem.h">
      <Filter>Game\GameSystems\TransformSystem</Filter>
    </ClInclude>
    <ClInclude Include="GameCommand.h">
      <Filter>Game\GameUtils</Filter>
    </ClInclude>
    <ClInclude Include="SpriteManager.h">
      <Filter>Manager</Filter>
    </ClInclude>
    <ClInclude Include="SingletonBase.h">
      <Filter>Manager</Filter>
    </ClInclude>
    <ClInclude Include="fireBall.h">
      <Filter>Game\GameComponents\ParticleComponent</Filter>
    </ClInclude>
    <ClInclude Include="fireBreath.h">
      <Filter>Game\GameComponents\ParticleComponent</Filter>
    </ClInclude>
    <ClInclude Include="fireRing.h">
      <Filter>Game\GameComponents\ParticleComponent</Filter>
    </ClInclude>
    <ClInclude Include="Particle.h">
      <Filter>Game\GameComponents\ParticleComponent</Filter>
    </ClInclude>
    <ClInclude Include="tinyxml2.h">
      <Filter>Sub\Reflection\Variant</Filter>
    </ClInclude>
    <ClInclude Include="TextSerializer.h">
      <Filter>Sub\Reflection\Variant</Filter>
    </ClInclude>
    <ClInclude Include="imgui.h">
      <Filter>Sub\Imgui</Filter>
    </ClInclude>
    <ClInclude Include="imguiRenderer.h">
      <Filter>Sub\Imgui</Filter>
    </ClInclude>
    <ClInclude Include="ParticleComponent.h">
      <Filter>Game\GameComponents\ParticleComponent</Filter>
    </ClInclude>
    <ClInclude Include="ParticleString.h">
      <Filter>Game\GameComponents\ParticleComponent</Filter>
    </ClInclude>
    <ClInclude Include="ParticleSystem.h">
      <Filter>Game\GameSystems\ParticleSystem</Filter>
    </ClInclude>
    <ClInclude Include="PSystem.h">
      <Filter>Game\GameSystems\ParticleSystem</Filter>
    </ClInclude>
    <ClInclude Include="PointLight.h">
      <Filter>Game\Lights</Filter>
    </ClInclude>
    <ClInclude Include="smoke.h">
      <Filter>Game\GameSystems</Filter>
    </ClInclude>
    <ClInclude Include="RenderComponent.h">
      <Filter>Game\GameComponents\RenderComponent</Filter>
    </ClInclude>
    <ClInclude Include="RenderSystem.h">
      <Filter>Game\GameSystems\RenderSystem</Filter>
    </ClInclude>
    <ClInclude Include="ScriptSystem.h">
      <Filter>Game\GameSystems\ScriptSystem</Filter>
    </ClInclude>
    <ClInclude Include="ScriptComponent.h">
      <Filter>Game\GameComponents\ScriptComponent</Filter>
    </ClInclude>
    <ClInclude Include="StateMachine.h">
      <Filter>Sub\State</Filter>
    </ClInclude>
    <ClInclude Include="State.h">
      <Filter>Sub\State</Filter>
    </ClInclude>
    <ClInclude Include="Player.h">
      <Filter>Game\GameObjects\Player</Filter>
    </ClInclude>
    <ClInclude Include="PlayerAnimationString.h">
      <Filter>Game\GameObjects\Player</Filter>
    </ClInclude>
    <ClInclude Include="Quaternion.h">
      <Filter>Math</Filter>
    </ClInclude>
    <ClInclude Include="World.h">
      <Filter>Core\ECS</Filter>
    </ClInclude>
    <ClInclude Include="Terrain.h">
      <Filter>Game\GameUtils</Filter>
    </ClInclude>
    <ClInclude Include="Lights.h">
      <Filter>Game\Lights</Filter>
    </ClInclude>
    <ClInclude Include="GameUtils.h">
      <Filter>Game\GameUtils</Filter>
    </ClInclude>
    <ClInclude Include="Entity.h">
      <Filter>Core\ECS\Entity</Filter>
    </ClInclude>
    <ClInclude Include="EntityComponentStorage.h">
      <Filter>Core\ECS\Entity</Filter>
    </ClInclude>
    <ClInclude Include="ApplicationTimer.h">
      <Filter>Core\Timer</Filter>
    </ClInclude>
    <ClInclude Include="InputManager.h">
      <Filter>Core\InputManager</Filter>
    </ClInclude>
    <ClInclude Include="UI.h">
      <Filter>UI</Filter>
    </ClInclude>
    <ClInclude Include="System.h">
      <Filter>Core\ECS</Filter>
    </ClInclude>
    <ClInclude Include="WorldEditor.h">
      <Filter>Game\WorldEditor</Filter>
    </ClInclude>
    <ClInclude Include="Typedefs.h" />
    <ClInclude Include="Inventory.h">
      <Filter>UI</Filter>
    </ClInclude>
    <ClInclude Include="MapToolScene.h">
      <Filter>Game\GameScenes\MapToolScene</Filter>
    </ClInclude>
    <ClInclude Include="LoadingScene00.h">
      <Filter>Game\GameScenes\LoadingScenes</Filter>
    </ClInclude>
    <ClInclude Include="TestScene.h">
      <Filter>Game\GameScenes\TestScene</Filter>
    </ClInclude>
    <ClInclude Include="QuadTree.h">
      <Filter>Game\GameUtils\QaudTrees</Filter>
    </ClInclude>
    <ClInclude Include="DamageBox.h">
      <Filter>Game\GameObjects</Filter>
    </ClInclude>
    <ClInclude Include="bloodParticle.h">
      <Filter>Game\GameComponents\ParticleComponent</Filter>
    </ClInclude>
    <ClInclude Include="bloodFog.h">
      <Filter>Game\GameComponents\ParticleComponent</Filter>
    </ClInclude>
    <ClInclude Include="normalBreath.h">
      <Filter>Game\GameComponents\ParticleComponent</Filter>
    </ClInclude>
    <ClInclude Include="normalFireBall.h">
      <Filter>Game\GameComponents\ParticleComponent</Filter>
    </ClInclude>
    <ClInclude Include="DragonAnimationString.h">
      <Filter>Game\GameObjects\Enemy\Dragon</Filter>
    </ClInclude>
    <ClInclude Include="Dragon.h">
      <Filter>Game\GameObjects\Enemy\Dragon</Filter>
    </ClInclude>
    <ClInclude Include="BmpFont.h">
      <Filter>UI</Filter>
    </ClInclude>
    <ClInclude Include="Memory.h">
      <Filter>Core\Memory</Filter>
    </ClInclude>
    <ClInclude Include="SoundManager.h">
      <Filter>Manager\SoundManager</Filter>
    </ClInclude>
    <ClInclude Include="MainMenuScene.h">
      <Filter>Game\GameScenes\MainMenuScene</Filter>
    </ClInclude>
    <ClInclude Include="LoadItem.h">
      <Filter>Game\GameScenes\MainMenuScene\LoadItem</Filter>
    </ClInclude>
    <ClInclude Include="BossScene.h">
      <Filter>Game\GameScenes\BossScene</Filter>
    </ClInclude>
  </ItemGroup>
  <ItemGroup>
    <Filter Include="Core">
      <UniqueIdentifier>{71a9cdd4-a560-4984-8531-b9adc5b0bdbc}</UniqueIdentifier>
    </Filter>
    <Filter Include="Math">
      <UniqueIdentifier>{30f5b37e-0fb0-4335-be34-fc0e1ceb8c38}</UniqueIdentifier>
    </Filter>
    <Filter Include="Sub">
      <UniqueIdentifier>{64184885-0970-4766-b2a0-8ba57994e404}</UniqueIdentifier>
    </Filter>
    <Filter Include="Sub\Delegate">
      <UniqueIdentifier>{3fcc0890-48e9-4b13-9ba1-ebd2802dfcf7}</UniqueIdentifier>
    </Filter>
    <Filter Include="Core\ECS">
      <UniqueIdentifier>{b67bb7f4-632c-4a5c-815d-4ce279e29418}</UniqueIdentifier>
    </Filter>
    <Filter Include="Game">
      <UniqueIdentifier>{5fa91356-4355-459a-804f-0d70e0cccef9}</UniqueIdentifier>
    </Filter>
    <Filter Include="Game\GameComponents">
      <UniqueIdentifier>{21b7fea7-b5f6-4688-a9bd-d582505fbfc8}</UniqueIdentifier>
    </Filter>
    <Filter Include="Game\GameSystems">
      <UniqueIdentifier>{aab256b8-573a-40e1-bdb3-8df0c0fccbf2}</UniqueIdentifier>
    </Filter>
    <Filter Include="Game\GameScenes">
      <UniqueIdentifier>{3abaf9e6-a579-40b8-9157-90d64ff81128}</UniqueIdentifier>
    </Filter>
    <Filter Include="Game\GameObjects">
      <UniqueIdentifier>{9c27adeb-85e4-4e9b-b042-a77ed19aaa7a}</UniqueIdentifier>
    </Filter>
    <Filter Include="Game\Lights">
      <UniqueIdentifier>{c3d4f577-236d-4043-ab66-03f1db36a22c}</UniqueIdentifier>
    </Filter>
    <Filter Include="Core\Memory">
      <UniqueIdentifier>{34827868-33ca-4549-b37f-48c66234655b}</UniqueIdentifier>
    </Filter>
    <Filter Include="Core\Event">
      <UniqueIdentifier>{44a28cfa-df13-4288-b9f5-aaaa644a7368}</UniqueIdentifier>
    </Filter>
    <Filter Include="Game\GameUtils">
      <UniqueIdentifier>{0041d9b3-3ec5-4a26-91f3-329de93b4f9f}</UniqueIdentifier>
    </Filter>
    <Filter Include="Game\GameObjects\Enemy">
      <UniqueIdentifier>{4ce4f0a8-cbfd-46b5-bb2c-4f14772196e4}</UniqueIdentifier>
    </Filter>
    <Filter Include="Game\GameObjects\Enemy\Bat">
      <UniqueIdentifier>{1270a8bf-c041-4223-8c10-b7b3ffdcf137}</UniqueIdentifier>
    </Filter>
    <Filter Include="Game\GameObjects\Enemy\Cat">
      <UniqueIdentifier>{bcda9bff-f2b7-48c2-b419-db463a19a385}</UniqueIdentifier>
    </Filter>
    <Filter Include="Game\GameObjects\Enemy\Hydra">
      <UniqueIdentifier>{ccaecdf4-a8b1-42e3-8876-81b47267c8c0}</UniqueIdentifier>
    </Filter>
    <Filter Include="Game\GameObjects\Enemy\Lizard">
      <UniqueIdentifier>{f0509754-9b22-44d0-8660-a622b7d8f246}</UniqueIdentifier>
    </Filter>
    <Filter Include="Game\GameObjects\Enemy\Turtle">
      <UniqueIdentifier>{7faede74-1056-4e13-8326-256afd9d9a40}</UniqueIdentifier>
    </Filter>
    <Filter Include="Game\GameObjects\Enemy\Snake">
      <UniqueIdentifier>{eb0cc554-65ff-46ab-9d06-a08fd88c10b6}</UniqueIdentifier>
    </Filter>
    <Filter Include="Manager">
      <UniqueIdentifier>{6d4d1bdf-04ea-47ca-bb32-54adb1318e57}</UniqueIdentifier>
    </Filter>
    <Filter Include="Manager\GameObjectFactory">
      <UniqueIdentifier>{95161743-d530-454e-842c-779526d57686}</UniqueIdentifier>
    </Filter>
    <Filter Include="Sub\Reflection">
      <UniqueIdentifier>{8458e201-58bf-4684-a75e-beef2b57437c}</UniqueIdentifier>
    </Filter>
    <Filter Include="Game\GameComponents\ParticleComponent">
      <UniqueIdentifier>{cf4c55cc-6e05-4432-85a9-63ef25439cc1}</UniqueIdentifier>
    </Filter>
    <Filter Include="Sub\Reflection\Variant">
      <UniqueIdentifier>{6368321c-15e4-4121-a9bf-59381eb24018}</UniqueIdentifier>
    </Filter>
    <Filter Include="Core\SceneManager">
      <UniqueIdentifier>{f388dfca-d6a1-45b2-8c4b-03dcbddb22f5}</UniqueIdentifier>
    </Filter>
    <Filter Include="Core\InputManager">
      <UniqueIdentifier>{36fba2c3-4d87-4ccc-a296-1d43edc0af7d}</UniqueIdentifier>
    </Filter>
    <Filter Include="Core\Video">
      <UniqueIdentifier>{5f923040-595b-4165-9280-be7c7aa0fd2a}</UniqueIdentifier>
    </Filter>
    <Filter Include="Game\GameComponents\ActionComponent">
      <UniqueIdentifier>{bb2951ce-fb21-4191-b360-c98b1c46b515}</UniqueIdentifier>
    </Filter>
    <Filter Include="Game\GameComponents\CollisionComponent">
      <UniqueIdentifier>{60d45379-bf95-40f9-a0ac-315df603e7de}</UniqueIdentifier>
    </Filter>
    <Filter Include="Game\GameComponents\TransformComponent">
      <UniqueIdentifier>{a2a38101-dd35-4eae-8d51-3e96191575d8}</UniqueIdentifier>
    </Filter>
    <Filter Include="Game\GameSystems\ActionSystem">
      <UniqueIdentifier>{25518caa-7d79-4fb4-b2c5-cf282767de7b}</UniqueIdentifier>
    </Filter>
    <Filter Include="Game\GameSystems\CollisionSystem">
      <UniqueIdentifier>{a8a61490-f93d-4be0-8e81-ef4805620cdd}</UniqueIdentifier>
    </Filter>
    <Filter Include="Game\GameSystems\TransformSystem">
      <UniqueIdentifier>{d1f065c2-2d1e-4166-aa20-fb2389d430f5}</UniqueIdentifier>
    </Filter>
    <Filter Include="Sub\Imgui">
      <UniqueIdentifier>{c4ad80bf-af2b-4e8d-93b6-c838fcd25740}</UniqueIdentifier>
    </Filter>
    <Filter Include="Sub\State">
      <UniqueIdentifier>{f669707b-ac4f-4f78-880c-aaf0c44d9e1c}</UniqueIdentifier>
    </Filter>
    <Filter Include="Game\GameSystems\ParticleSystem">
      <UniqueIdentifier>{7c8e0efd-f8ff-4628-833e-5eb9bce964be}</UniqueIdentifier>
    </Filter>
    <Filter Include="Game\GameComponents\RenderComponent">
      <UniqueIdentifier>{ce0e28b6-6ea6-4fbc-ba7f-6f539dcc7905}</UniqueIdentifier>
    </Filter>
    <Filter Include="Game\GameSystems\RenderSystem">
      <UniqueIdentifier>{8f538fe3-1a3a-459b-83e8-9c07254490db}</UniqueIdentifier>
    </Filter>
    <Filter Include="Game\GameSystems\ScriptSystem">
      <UniqueIdentifier>{335df2d7-4786-48bd-be5a-dd7a2fe2a970}</UniqueIdentifier>
    </Filter>
    <Filter Include="Game\GameComponents\ScriptComponent">
      <UniqueIdentifier>{b99d72fb-0dcd-4327-898f-a7d2fbb89901}</UniqueIdentifier>
    </Filter>
    <Filter Include="Game\GameObjects\Player">
      <UniqueIdentifier>{268a1eae-142d-4891-ac99-14eca7b0f67f}</UniqueIdentifier>
    </Filter>
    <Filter Include="Core\ECS\Entity">
      <UniqueIdentifier>{ba17ab43-b5c8-4889-a940-cf06c759911e}</UniqueIdentifier>
    </Filter>
    <Filter Include="Core\Timer">
      <UniqueIdentifier>{fcfbe9f9-726c-4230-8d50-3129e389f08e}</UniqueIdentifier>
    </Filter>
    <Filter Include="UI">
      <UniqueIdentifier>{7407d897-0be9-421c-821b-8821f7430c10}</UniqueIdentifier>
    </Filter>
    <Filter Include="Game\WorldEditor">
      <UniqueIdentifier>{79d079f2-dba9-4baa-a8de-db4260d76d32}</UniqueIdentifier>
    </Filter>
    <Filter Include="Game\GameScenes\MapToolScene">
      <UniqueIdentifier>{351ad06e-6b1e-409b-9da4-62950bd0989b}</UniqueIdentifier>
    </Filter>
    <Filter Include="Game\GameScenes\LoadingScenes">
      <UniqueIdentifier>{74036f0d-6082-4a3a-8879-194e6915b666}</UniqueIdentifier>
    </Filter>
    <Filter Include="Game\GameScenes\TestScene">
      <UniqueIdentifier>{bf32ef81-342f-45c8-8fff-965979591ad1}</UniqueIdentifier>
    </Filter>
    <Filter Include="Game\GameUtils\QaudTrees">
      <UniqueIdentifier>{3e32031f-0555-4a04-bf0a-4cedb72f5786}</UniqueIdentifier>
    </Filter>
    <Filter Include="Manager\SoundManager">
      <UniqueIdentifier>{7ee46e62-db92-4811-aef8-1b4b29cc03c5}</UniqueIdentifier>
    </Filter>
    <Filter Include="Game\GameObjects\Enemy\Dragon">
      <UniqueIdentifier>{5ded30f0-b5e7-4e35-ada7-203ed1a27d8f}</UniqueIdentifier>
    </Filter>
    <Filter Include="Game\GameScenes\MainMenuScene">
      <UniqueIdentifier>{f600d8e7-5864-4b6a-81b2-dc51f3d3124a}</UniqueIdentifier>
    </Filter>
    <Filter Include="Game\GameScenes\MainMenuScene\LoadItem">
      <UniqueIdentifier>{eaebac0f-84ef-4264-9bce-e8e342001cb8}</UniqueIdentifier>
    </Filter>
    <Filter Include="Game\GameScenes\BossScene">
      <UniqueIdentifier>{a9e45e3f-b417-4235-bfc7-e5f974a8aac5}</UniqueIdentifier>
    </Filter>
  </ItemGroup>
</Project>